{
  "requires": true,
  "lockfileVersion": 1,
  "dependencies": {
    "bootstrap": {
      "version": "4.1.3",
      "resolved": "https://registry.npmjs.org/bootstrap/-/bootstrap-4.1.3.tgz",
      "integrity": "sha512-rDFIzgXcof0jDyjNosjv4Sno77X4KuPeFxG2XZZv1/Kc8DRVGVADdoQyyOVDwPqL36DDmtCQbrpMCqvpPLJQ0w=="
    },
    "fg-loadcss": {
      "version": "2.0.1",
      "resolved": "https://registry.npmjs.org/fg-loadcss/-/fg-loadcss-2.0.1.tgz",
      "integrity": "sha512-gFtSJjMMt9it0OhXz4wJQT46/LFUrJ2Db6U/fLtwClBEMEEjmVPSWSYrbGCyFwy47Cd4ULOpR+HSWXVkUKciaQ=="
    }
  }
}
